# This file is automatically @generated by Poetry 2.0.1 and should not be changed by hand.

[[package]]
name = "click"
version = "7.1.2"
description = "Composable command line interface toolkit"
optional = false
python-versions = ">=2.7, !=3.0.*, !=3.1.*, !=3.2.*, !=3.3.*, !=3.4.*"
groups = ["main"]
files = [
    {file = "click-7.1.2-py2.py3-none-any.whl", hash = "sha256:dacca89f4bfadd5de3d7489b7c8a566eee0d3676333fbb50030263894c38c0dc"},
    {file = "click-7.1.2.tar.gz", hash = "sha256:d2b5255c7c6349bc1bd1e59e08cd12acbbd63ce649f2588755783aa94dfb6b1a"},
]

[[package]]
name = "click-didyoumean"
version = "0.3.1"
description = "Enables git-like *did-you-mean* feature in click"
optional = false
python-versions = ">=3.6.2"
groups = ["main"]
files = [
    {file = "click_didyoumean-0.3.1-py3-none-any.whl", hash = "sha256:5c4bb6007cfea5f2fd6583a2fb6701a22a41eb98957e63d0fac41c10e7c3117c"},
    {file = "click_didyoumean-0.3.1.tar.gz", hash = "sha256:4f82fdff0dbe64ef8ab2279bd6aa3f6a99c3b28c05aa09cbfc07c9d7fbb5a463"},
]

[package.dependencies]
click = ">=7"

[[package]]
name = "p"
version = "1.5.0"
description = "Aliases any available project commands or scripts to `p <name>`."
optional = false
python-versions = "<4.0,>=3.8"
groups = ["main"]
files = [
    {file = "p-1.5.0-py3-none-any.whl", hash = "sha256:28c975699d73f7ea1f74efeaffac4b64af06d0847b8e7619ddf6e59078ea10c0"},
    {file = "p-1.5.0.tar.gz", hash = "sha256:5a6466b39013f8bbfb7054c950aee87f0a6ee72ac366f8f1ea030200c0c5d332"},
]

[package.dependencies]
click = ">=7.1.2,<8.0.0"
click-didyoumean = ">=0.3.0,<0.4.0"

[metadata]
lock-version = "2.1"
python-versions = ">=3.12, <4.0"
content-hash = "73292a491be0ec9a15fc15078a0110f1214f49524bfddbbb56903aaf8d275797"
